{
    "_readme": [
        "This file locks the dependencies of your project to a known state",
        "Read more about it at https://getcomposer.org/doc/01-basic-usage.md#installing-dependencies",
        "This file is @generated automatically"
    ],
    "content-hash": "381bd4ad7ff7120196598f443dcc17b7",
    "packages": [
        {
            "name": "intelektron/chordpro-php",
            "version": "1.1.1",
            "source": {
                "type": "git",
                "url": "https://github.com/intelektron/chordpro-php.git",
                "reference": "f198a8a1820ffc6ee85c94f373f2c1048d583f41"
            },
            "dist": {
                "type": "zip",
                "url": "https://api.github.com/repos/intelektron/chordpro-php/zipball/f198a8a1820ffc6ee85c94f373f2c1048d583f41",
                "reference": "f198a8a1820ffc6ee85c94f373f2c1048d583f41",
                "shasum": ""
            },
            "require": {
                "php": ">=8.1"
            },
            "require-dev": {
                "ekino/phpstan-banned-code": "^1.0",
                "friendsofphp/php-cs-fixer": "^3.46",
                "phpcompatibility/php-compatibility": "^9.3",
                "phpstan/extension-installer": "^1.3",
                "phpstan/phpstan": "^1.10",
                "phpstan/phpstan-deprecation-rules": "^1.1",
                "phpstan/phpstan-strict-rules": "^1.5",
                "phpunit/phpunit": "^10.0",
                "thecodingmachine/phpstan-strict-rules": "^1.0",
                "voku/phpstan-rules": "^3.2"
            },
            "type": "library",
            "autoload": {
                "psr-4": {
                    "ChordPro\\": "src/"
                }
            },
            "notification-url": "https://packagist.org/downloads/",
            "license": [
                "LGPL-3.0-or-later"
            ],
            "authors": [
                {
                    "name": "Nicolas Wurtz",
                    "email": "git@nethenic.net"
                },
                {
                    "name": "Grzegorz Pietrzak",
                    "email": "grzegorz.pietrzak@gmail.com"
                }
            ],
            "description": "Parse, transpose and format (html, json, plaintext) ChordPro format for songs lyrics with chords.",
            "support": {
                "issues": "https://github.com/intelektron/chordpro-php/issues",
                "source": "https://github.com/intelektron/chordpro-php/tree/1.1.1"
            },
            "time": "2024-01-20T10:47:18+00:00"
        }
    ],
    "packages-dev": [],
    "aliases": [],
    "minimum-stability": "stable",
    "stability-flags": {},
    "prefer-stable": false,
    "prefer-lowest": false,
    "platform": {},
    "platform-dev": {},
    "plugin-api-version": "2.9.0"
}
